
Microsoft Visual Studio Solution File, Format Version 12.00
# Visual Studio Version 17
VisualStudioVersion = 17.0.31903.59
MinimumVisualStudioVersion = 10.0.40219.1
Project("{FAE04EC0-301F-11D3-BF4B-00C04F79EFBC}") = "Domain", "Domain\Domain.csproj", "{715094F6-7372-425B-9243-1130B4C9C4E2}"
EndProject
Project("{FAE04EC0-301F-11D3-BF4B-00C04F79EFBC}") = "Infrastructure", "Infrastructure\Infrastructure.csproj", "{BA1E26DC-9C47-4CEA-9596-4E276BBEA706}"
EndProject
Project("{FAE04EC0-301F-11D3-BF4B-00C04F79EFBC}") = "MainAPI", "MainAPI\MainAPI.csproj", "{4BD338D8-4831-4654-96FC-944401931765}"
EndProject
Global
	GlobalSection(SolutionConfigurationPlatforms) = preSolution
		Debug|Any CPU = Debug|Any CPU
		Release|Any CPU = Release|Any CPU
	EndGlobalSection
	GlobalSection(SolutionProperties) = preSolution
		HideSolutionNode = FALSE
	EndGlobalSection
	GlobalSection(ProjectConfigurationPlatforms) = postSolution
		{715094F6-7372-425B-9243-1130B4C9C4E2}.Debug|Any CPU.ActiveCfg = Debug|Any CPU
		{715094F6-7372-425B-9243-1130B4C9C4E2}.Debug|Any CPU.Build.0 = Debug|Any CPU
		{715094F6-7372-425B-9243-1130B4C9C4E2}.Release|Any CPU.ActiveCfg = Release|Any CPU
		{715094F6-7372-425B-9243-1130B4C9C4E2}.Release|Any CPU.Build.0 = Release|Any CPU
		{BA1E26DC-9C47-4CEA-9596-4E276BBEA706}.Debug|Any CPU.ActiveCfg = Debug|Any CPU
		{BA1E26DC-9C47-4CEA-9596-4E276BBEA706}.Debug|Any CPU.Build.0 = Debug|Any CPU
		{BA1E26DC-9C47-4CEA-9596-4E276BBEA706}.Release|Any CPU.ActiveCfg = Release|Any CPU
		{BA1E26DC-9C47-4CEA-9596-4E276BBEA706}.Release|Any CPU.Build.0 = Release|Any CPU
		{4BD338D8-4831-4654-96FC-944401931765}.Debug|Any CPU.ActiveCfg = Debug|Any CPU
		{4BD338D8-4831-4654-96FC-944401931765}.Debug|Any CPU.Build.0 = Debug|Any CPU
		{4BD338D8-4831-4654-96FC-944401931765}.Release|Any CPU.ActiveCfg = Release|Any CPU
		{4BD338D8-4831-4654-96FC-944401931765}.Release|Any CPU.Build.0 = Release|Any CPU
	EndGlobalSection
EndGlobal
